Microsoft Visual Studio Solution File, Format Version 12.00
# Visual Studio Version 17
VisualStudioVersion = 17.5.2.0
MinimumVisualStudioVersion = 10.0.40219.1
Project("{2150E333-8FDC-42A3-9474-1A3956D46DE8}") = "DotNET", "DotNET", "{71E6E750-85FD-B5BC-4321-E01377EC6231}"
EndProject
Project("{FAE04EC0-301F-11D3-BF4B-00C04F79EFBC}") = "myapp", "DotNET\myapp\myapp.csproj", "{65FC1CE5-EED6-BD09-B467-88ACBD8B292E}"
EndProject
Global
	GlobalSection(SolutionConfigurationPlatforms) = preSolution
		Debug|Any CPU = Debug|Any CPU
		Release|Any CPU = Release|Any CPU
	EndGlobalSection
	GlobalSection(ProjectConfigurationPlatforms) = postSolution
		{65FC1CE5-EED6-BD09-B467-88ACBD8B292E}.Debug|Any CPU.ActiveCfg = Debug|Any CPU
		{65FC1CE5-EED6-BD09-B467-88ACBD8B292E}.Debug|Any CPU.Build.0 = Debug|Any CPU
		{65FC1CE5-EED6-BD09-B467-88ACBD8B292E}.Release|Any CPU.ActiveCfg = Release|Any CPU
		{65FC1CE5-EED6-BD09-B467-88ACBD8B292E}.Release|Any CPU.Build.0 = Release|Any CPU
	EndGlobalSection
	GlobalSection(SolutionProperties) = preSolution
		HideSolutionNode = FALSE
	EndGlobalSection
	GlobalSection(NestedProjects) = preSolution
		{65FC1CE5-EED6-BD09-B467-88ACBD8B292E} = {71E6E750-85FD-B5BC-4321-E01377EC6231}
	EndGlobalSection
	GlobalSection(ExtensibilityGlobals) = postSolution
		SolutionGuid = {5D2895D5-C2AA-42E3-8D20-9CF0F970D8EC}
	EndGlobalSection
EndGlobal
